{
  "projects": [
    {
      "projectId": "5dGW8Awro3qq8Hh5MveXLP",
      "version": "1.9.0",
      "dependencies": {},
      "lang": "ts",
      "fileLocks": [
        {
          "assetId": "5dGW8Awro3qq8Hh5MveXLP",
          "type": "projectCss",
          "checksum": "07c36a38799842526776097683a8c192"
        }
      ],
      "codegenVersion": "0.0.1"
    },
    {
      "projectId": "caTPwKxj5ZrD9LQ7DMdK4Z",
      "version": "3.13.0",
      "dependencies": {},
      "lang": "ts",
      "fileLocks": [
        {
          "assetId": "caTPwKxj5ZrD9LQ7DMdK4Z",
          "type": "projectCss",
          "checksum": "3f861d9934733b06ddcc0158487615ce"
        }
      ],
      "codegenVersion": "0.0.1"
    },
    {
      "projectId": "8PtdGodUbexNYgkuyBUcWu",
      "version": "3.9.0",
      "dependencies": {},
      "lang": "ts",
      "fileLocks": [
        {
          "assetId": "8PtdGodUbexNYgkuyBUcWu",
          "type": "projectCss",
          "checksum": "fab59f1d7821423eb6ea1dc62a110aa6"
        },
        {
          "assetId": "8PtdGodUbexNYgkuyBUcWu",
          "checksum": "6b66d7f8e20084eb8385762e16535ba1",
          "type": "globalContexts"
        }
      ],
      "codegenVersion": "0.0.1"
    },
    {
      "projectId": "f6qpwMfQ9K36cBNMUgXnEq",
      "version": "latest",
      "dependencies": {
        "8PtdGodUbexNYgkuyBUcWu": "3.9.0",
        "caTPwKxj5ZrD9LQ7DMdK4Z": "3.13.0",
        "5dGW8Awro3qq8Hh5MveXLP": "1.9.0"
      },
      "lang": "ts",
      "fileLocks": [
        {
          "type": "globalVariant",
          "assetId": "22FxKeis49Lo1",
          "checksum": "c8d449032ef1889eb48d14b9a0a7e3d1"
        },
        {
          "assetId": "f6qpwMfQ9K36cBNMUgXnEq",
          "checksum": "872a04cb92745236ecad03e46c24a7c6",
          "type": "globalContexts"
        },
        {
          "type": "renderModule",
          "assetId": "HFux9EgRGbwa",
          "checksum": "e4782dd3461ae71413cfb578378a8ec4"
        },
        {
          "type": "cssRules",
          "assetId": "HFux9EgRGbwa",
          "checksum": "e4782dd3461ae71413cfb578378a8ec4"
        },
        {
          "type": "renderModule",
          "assetId": "xxzGR4cVlh",
          "checksum": "12d43c63c41ab79b9bf262c46b5f3611"
        },
        {
          "type": "cssRules",
          "assetId": "xxzGR4cVlh",
          "checksum": "12d43c63c41ab79b9bf262c46b5f3611"
        },
        {
          "type": "renderModule",
          "assetId": "cTVB2-yynO",
          "checksum": "2840a66ccc306c9b63caf4ae988d06d4"
        },
        {
          "type": "cssRules",
          "assetId": "cTVB2-yynO",
          "checksum": "2840a66ccc306c9b63caf4ae988d06d4"
        },
        {
          "type": "renderModule",
          "assetId": "3qY4GfQc1b",
          "checksum": "2a4c75aada947e60478b08358d4060b3"
        },
        {
          "type": "cssRules",
          "assetId": "3qY4GfQc1b",
          "checksum": "2a4c75aada947e60478b08358d4060b3"
        },
        {
          "type": "renderModule",
          "assetId": "46Gh6UehMw",
          "checksum": "de135636221bb01d6ba7f72bfcb261ca"
        },
        {
          "type": "cssRules",
          "assetId": "46Gh6UehMw",
          "checksum": "de135636221bb01d6ba7f72bfcb261ca"
        },
        {
          "type": "renderModule",
          "assetId": "coEOuXvO6k",
          "checksum": "a6d4c8a02fc2d1f27a842270c5ce5fb5"
        },
        {
          "type": "cssRules",
          "assetId": "coEOuXvO6k",
          "checksum": "a6d4c8a02fc2d1f27a842270c5ce5fb5"
        },
        {
          "type": "icon",
          "assetId": "cOM0Xj8OAL4",
          "checksum": "8f89d966d70f0230ba56f6966e385c5f"
        },
        {
          "type": "icon",
          "assetId": "yn2jSKPHp_D",
          "checksum": "59223f8266b042618e7c12947d7c9682"
        },
        {
          "type": "icon",
          "assetId": "Q0mxr_CJS",
          "checksum": "7fee3cbd21d9c6ec2a9481526f013b09"
        },
        {
          "type": "renderModule",
          "assetId": "2ar8vnE0Ie",
          "checksum": "9b5fc71ca4b8b0cbc6bbf71cb4ac89ce"
        },
        {
          "type": "cssRules",
          "assetId": "2ar8vnE0Ie",
          "checksum": "9b5fc71ca4b8b0cbc6bbf71cb4ac89ce"
        },
        {
          "type": "renderModule",
          "assetId": "zr1InifaZt",
          "checksum": "56a13e83b7edd97b7d96af726cf98f2a"
        },
        {
          "type": "cssRules",
          "assetId": "zr1InifaZt",
          "checksum": "56a13e83b7edd97b7d96af726cf98f2a"
        },
        {
          "type": "renderModule",
          "assetId": "FYZrxOIUu5",
          "checksum": "47ddb23715e66b9e36efa12be49729d9"
        },
        {
          "type": "cssRules",
          "assetId": "FYZrxOIUu5",
          "checksum": "47ddb23715e66b9e36efa12be49729d9"
        },
        {
          "type": "renderModule",
          "assetId": "9B_FueXK-n",
          "checksum": "7c6c12011385c664013b0f7db2d10fa0"
        },
        {
          "type": "cssRules",
          "assetId": "9B_FueXK-n",
          "checksum": "7c6c12011385c664013b0f7db2d10fa0"
        },
        {
          "assetId": "f6qpwMfQ9K36cBNMUgXnEq",
          "type": "projectCss",
          "checksum": "6dd0f3a608f5c0af0566a72ce5195c9d"
        },
        {
          "type": "renderModule",
          "assetId": "quowCRs39W",
          "checksum": "9a03245904aed343912a226c8ab92da8"
        },
        {
          "type": "cssRules",
          "assetId": "quowCRs39W",
          "checksum": "9a03245904aed343912a226c8ab92da8"
        },
        {
          "type": "renderModule",
          "assetId": "iSdQAhTXGj",
          "checksum": "10e3332e7323d8353dbae0dc1df01674"
        },
        {
          "type": "cssRules",
          "assetId": "iSdQAhTXGj",
          "checksum": "10e3332e7323d8353dbae0dc1df01674"
        },
        {
          "type": "renderModule",
          "assetId": "SjFMjCXtH-",
          "checksum": "e7c8cfd4dc04c93e1992103267484a84"
        },
        {
          "type": "cssRules",
          "assetId": "SjFMjCXtH-",
          "checksum": "e7c8cfd4dc04c93e1992103267484a84"
        },
        {
          "type": "renderModule",
          "assetId": "Sbg8iX0ZHG",
          "checksum": "4b73c566d58aa7a9e696474991c9b0d8"
        },
        {
          "type": "cssRules",
          "assetId": "Sbg8iX0ZHG",
          "checksum": "4b73c566d58aa7a9e696474991c9b0d8"
        },
        {
          "type": "renderModule",
          "assetId": "tfnwE5lHTJ",
          "checksum": "f873cbf654b18116d695423749b2bac1"
        },
        {
          "type": "cssRules",
          "assetId": "tfnwE5lHTJ",
          "checksum": "f873cbf654b18116d695423749b2bac1"
        },
        {
          "type": "renderModule",
          "assetId": "wjnBv6FSiu",
          "checksum": "bb9b1faeb435f7c77748d6fbb02ecaa3"
        },
        {
          "type": "cssRules",
          "assetId": "wjnBv6FSiu",
          "checksum": "bb9b1faeb435f7c77748d6fbb02ecaa3"
        },
        {
          "type": "renderModule",
          "assetId": "q1LHpL7oK2",
          "checksum": "840b3c97dedc8b035d623d53b60a0546"
        },
        {
          "type": "cssRules",
          "assetId": "q1LHpL7oK2",
          "checksum": "840b3c97dedc8b035d623d53b60a0546"
        },
        {
          "type": "renderModule",
          "assetId": "ycBHt6bBw_",
          "checksum": "8443f4569b485e0aa2972c7bab9222e2"
        },
        {
          "type": "cssRules",
          "assetId": "ycBHt6bBw_",
          "checksum": "8443f4569b485e0aa2972c7bab9222e2"
        },
        {
          "type": "renderModule",
          "assetId": "YiHDkoum9K",
          "checksum": "05d9e0b47e4f00450cf163774f3f5497"
        },
        {
          "type": "cssRules",
          "assetId": "YiHDkoum9K",
          "checksum": "05d9e0b47e4f00450cf163774f3f5497"
        },
        {
          "type": "renderModule",
          "assetId": "ftDF-3T8go",
          "checksum": "129d7354182c59e7da0c93230b64f591"
        },
        {
          "type": "cssRules",
          "assetId": "ftDF-3T8go",
          "checksum": "129d7354182c59e7da0c93230b64f591"
        },
        {
          "type": "renderModule",
          "assetId": "-d5pvlfrPq",
          "checksum": "158320420afe9fd266c7c780a688c233"
        },
        {
          "type": "cssRules",
          "assetId": "-d5pvlfrPq",
          "checksum": "158320420afe9fd266c7c780a688c233"
        },
        {
          "type": "renderModule",
          "assetId": "SA6xBXtnnv",
          "checksum": "7f77caf5d61ed5cdaf1fb04d097e2c05"
        },
        {
          "type": "cssRules",
          "assetId": "SA6xBXtnnv",
          "checksum": "7f77caf5d61ed5cdaf1fb04d097e2c05"
        },
        {
          "type": "renderModule",
          "assetId": "7MPNRYRFi2",
          "checksum": "9c725561f9c122a2d688af62fe907109"
        },
        {
          "type": "cssRules",
          "assetId": "7MPNRYRFi2",
          "checksum": "9c725561f9c122a2d688af62fe907109"
        },
        {
          "type": "renderModule",
          "assetId": "MqKkaxOA5f",
          "checksum": "1a72e6c46e28a067c535268c21645d6a"
        },
        {
          "type": "cssRules",
          "assetId": "MqKkaxOA5f",
          "checksum": "1a72e6c46e28a067c535268c21645d6a"
        },
        {
          "type": "renderModule",
          "assetId": "NIUzFdABcW",
          "checksum": "e8260397a9bae3b00e9a3e1931fae809"
        },
        {
          "type": "cssRules",
          "assetId": "NIUzFdABcW",
          "checksum": "e8260397a9bae3b00e9a3e1931fae809"
        },
        {
          "type": "renderModule",
          "assetId": "k-ButyLKM_",
          "checksum": "34beba01e4558765a2042671406a4421"
        },
        {
          "type": "cssRules",
          "assetId": "k-ButyLKM_",
          "checksum": "34beba01e4558765a2042671406a4421"
        },
        {
          "type": "renderModule",
          "assetId": "rkckx3Pf-l",
          "checksum": "12203358063ba124298b9a75120a2892"
        },
        {
          "type": "cssRules",
          "assetId": "rkckx3Pf-l",
          "checksum": "12203358063ba124298b9a75120a2892"
        },
        {
          "type": "renderModule",
          "assetId": "VzDk-VkliN",
          "checksum": "1f2b3426a497b0ec3b6852a0a8b29dfb"
        },
        {
          "type": "cssRules",
          "assetId": "VzDk-VkliN",
          "checksum": "1f2b3426a497b0ec3b6852a0a8b29dfb"
        },
        {
          "type": "renderModule",
          "assetId": "CyX4z3pBXS",
          "checksum": "95916d40cbd7b14b789b3d5f65f7286a"
        },
        {
          "type": "cssRules",
          "assetId": "CyX4z3pBXS",
          "checksum": "95916d40cbd7b14b789b3d5f65f7286a"
        }
      ],
      "codegenVersion": "0.0.1"
    }
  ],
  "cliVersion": "0.1.215"
}
