{
  "projects": [
    {
      "projectId": "5dGW8Awro3qq8Hh5MveXLP",
      "version": "1.9.0",
      "dependencies": {},
      "lang": "ts",
      "fileLocks": [
        {
          "assetId": "5dGW8Awro3qq8Hh5MveXLP",
          "type": "projectCss",
          "checksum": "07c36a38799842526776097683a8c192"
        }
      ],
      "codegenVersion": "0.0.1"
    },
    {
      "projectId": "caTPwKxj5ZrD9LQ7DMdK4Z",
      "version": "3.13.0",
      "dependencies": {},
      "lang": "ts",
      "fileLocks": [
        {
          "assetId": "caTPwKxj5ZrD9LQ7DMdK4Z",
          "type": "projectCss",
          "checksum": "3f861d9934733b06ddcc0158487615ce"
        }
      ],
      "codegenVersion": "0.0.1"
    },
    {
      "projectId": "8PtdGodUbexNYgkuyBUcWu",
      "version": "3.9.0",
      "dependencies": {},
      "lang": "ts",
      "fileLocks": [
        {
          "assetId": "8PtdGodUbexNYgkuyBUcWu",
          "type": "projectCss",
          "checksum": "fab59f1d7821423eb6ea1dc62a110aa6"
        },
        {
          "assetId": "8PtdGodUbexNYgkuyBUcWu",
          "checksum": "6b66d7f8e20084eb8385762e16535ba1",
          "type": "globalContexts"
        }
      ],
      "codegenVersion": "0.0.1"
    },
    {
      "projectId": "f6qpwMfQ9K36cBNMUgXnEq",
      "version": "latest",
      "dependencies": {
        "8PtdGodUbexNYgkuyBUcWu": "3.9.0",
        "caTPwKxj5ZrD9LQ7DMdK4Z": "3.13.0",
        "5dGW8Awro3qq8Hh5MveXLP": "1.9.0"
      },
      "lang": "ts",
      "fileLocks": [
        {
          "type": "globalVariant",
          "assetId": "22FxKeis49Lo1",
          "checksum": "c8d449032ef1889eb48d14b9a0a7e3d1"
        },
        {
          "assetId": "f6qpwMfQ9K36cBNMUgXnEq",
          "checksum": "872a04cb92745236ecad03e46c24a7c6",
          "type": "globalContexts"
        },
        {
          "type": "renderModule",
          "assetId": "HFux9EgRGbwa",
          "checksum": "0171d0808de7b6daa14205ab299a70e5"
        },
        {
          "type": "cssRules",
          "assetId": "HFux9EgRGbwa",
          "checksum": "0171d0808de7b6daa14205ab299a70e5"
        },
        {
          "type": "renderModule",
          "assetId": "xxzGR4cVlh",
          "checksum": "f368e282251af73e96fa2ed9b8e3daca"
        },
        {
          "type": "cssRules",
          "assetId": "xxzGR4cVlh",
          "checksum": "f368e282251af73e96fa2ed9b8e3daca"
        },
        {
          "type": "renderModule",
          "assetId": "cTVB2-yynO",
          "checksum": "3bd28da1e04d093352a12684bc2f3ed2"
        },
        {
          "type": "cssRules",
          "assetId": "cTVB2-yynO",
          "checksum": "3bd28da1e04d093352a12684bc2f3ed2"
        },
        {
          "type": "renderModule",
          "assetId": "3qY4GfQc1b",
          "checksum": "8035740510b8426415274221fe93edea"
        },
        {
          "type": "cssRules",
          "assetId": "3qY4GfQc1b",
          "checksum": "8035740510b8426415274221fe93edea"
        },
        {
          "type": "renderModule",
          "assetId": "46Gh6UehMw",
          "checksum": "14667c8395dfcbc5deb793396efb8adb"
        },
        {
          "type": "cssRules",
          "assetId": "46Gh6UehMw",
          "checksum": "14667c8395dfcbc5deb793396efb8adb"
        },
        {
          "type": "renderModule",
          "assetId": "coEOuXvO6k",
          "checksum": "3fb57228301fb7209f9e8c09438074f0"
        },
        {
          "type": "cssRules",
          "assetId": "coEOuXvO6k",
          "checksum": "3fb57228301fb7209f9e8c09438074f0"
        },
        {
          "type": "icon",
          "assetId": "cOM0Xj8OAL4",
          "checksum": "8f89d966d70f0230ba56f6966e385c5f"
        },
        {
          "type": "icon",
          "assetId": "yn2jSKPHp_D",
          "checksum": "59223f8266b042618e7c12947d7c9682"
        },
        {
          "type": "icon",
          "assetId": "Q0mxr_CJS",
          "checksum": "7fee3cbd21d9c6ec2a9481526f013b09"
        },
        {
          "type": "renderModule",
          "assetId": "2ar8vnE0Ie",
          "checksum": "878ff3aa888347ea98dad4ad65df4938"
        },
        {
          "type": "cssRules",
          "assetId": "2ar8vnE0Ie",
          "checksum": "878ff3aa888347ea98dad4ad65df4938"
        },
        {
          "type": "renderModule",
          "assetId": "zr1InifaZt",
          "checksum": "1657e055f057b4841a5652001abc489a"
        },
        {
          "type": "cssRules",
          "assetId": "zr1InifaZt",
          "checksum": "1657e055f057b4841a5652001abc489a"
        },
        {
          "type": "renderModule",
          "assetId": "FYZrxOIUu5",
          "checksum": "5e4b043fba015dae961fc5e16da17659"
        },
        {
          "type": "cssRules",
          "assetId": "FYZrxOIUu5",
          "checksum": "5e4b043fba015dae961fc5e16da17659"
        },
        {
          "type": "renderModule",
          "assetId": "9B_FueXK-n",
          "checksum": "09e4dac7193b42139e242947fe96725e"
        },
        {
          "type": "cssRules",
          "assetId": "9B_FueXK-n",
          "checksum": "09e4dac7193b42139e242947fe96725e"
        },
        {
          "assetId": "f6qpwMfQ9K36cBNMUgXnEq",
          "type": "projectCss",
          "checksum": "6dd0f3a608f5c0af0566a72ce5195c9d"
        },
        {
          "type": "renderModule",
          "assetId": "quowCRs39W",
          "checksum": "57c9d162911b9782dce2c87b707c0918"
        },
        {
          "type": "cssRules",
          "assetId": "quowCRs39W",
          "checksum": "57c9d162911b9782dce2c87b707c0918"
        },
        {
          "type": "renderModule",
          "assetId": "iSdQAhTXGj",
          "checksum": "aa7446c216bc4638b97cb2283a1e6aaf"
        },
        {
          "type": "cssRules",
          "assetId": "iSdQAhTXGj",
          "checksum": "aa7446c216bc4638b97cb2283a1e6aaf"
        },
        {
          "type": "renderModule",
          "assetId": "SjFMjCXtH-",
          "checksum": "22a4dbdd8ee8f17328d42e9f12b9d3b4"
        },
        {
          "type": "cssRules",
          "assetId": "SjFMjCXtH-",
          "checksum": "22a4dbdd8ee8f17328d42e9f12b9d3b4"
        },
        {
          "type": "renderModule",
          "assetId": "Sbg8iX0ZHG",
          "checksum": "b565be68f852337b5bc5ed10bab441c1"
        },
        {
          "type": "cssRules",
          "assetId": "Sbg8iX0ZHG",
          "checksum": "b565be68f852337b5bc5ed10bab441c1"
        },
        {
          "type": "renderModule",
          "assetId": "tfnwE5lHTJ",
          "checksum": "3507f681b490cc117832fb34d7a9bfd8"
        },
        {
          "type": "cssRules",
          "assetId": "tfnwE5lHTJ",
          "checksum": "3507f681b490cc117832fb34d7a9bfd8"
        },
        {
          "type": "renderModule",
          "assetId": "wjnBv6FSiu",
          "checksum": "40dfa1ef2d1076ed8ea141c2a2a7bd53"
        },
        {
          "type": "cssRules",
          "assetId": "wjnBv6FSiu",
          "checksum": "40dfa1ef2d1076ed8ea141c2a2a7bd53"
        },
        {
          "type": "renderModule",
          "assetId": "q1LHpL7oK2",
          "checksum": "f48f9c1af35b1cb4fcbf2471d1a9c901"
        },
        {
          "type": "cssRules",
          "assetId": "q1LHpL7oK2",
          "checksum": "f48f9c1af35b1cb4fcbf2471d1a9c901"
        },
        {
          "type": "renderModule",
          "assetId": "ycBHt6bBw_",
          "checksum": "f406554647e679c3e19add49de517331"
        },
        {
          "type": "cssRules",
          "assetId": "ycBHt6bBw_",
          "checksum": "f406554647e679c3e19add49de517331"
        },
        {
          "type": "renderModule",
          "assetId": "YiHDkoum9K",
          "checksum": "bd0a4b4492753ef1578c521bb2d19dc4"
        },
        {
          "type": "cssRules",
          "assetId": "YiHDkoum9K",
          "checksum": "bd0a4b4492753ef1578c521bb2d19dc4"
        },
        {
          "type": "renderModule",
          "assetId": "ftDF-3T8go",
          "checksum": "bf81ab665ce977dc86c41dc7ddb42bfe"
        },
        {
          "type": "cssRules",
          "assetId": "ftDF-3T8go",
          "checksum": "bf81ab665ce977dc86c41dc7ddb42bfe"
        },
        {
          "type": "renderModule",
          "assetId": "-d5pvlfrPq",
          "checksum": "07585c546c7717e4c6e87768a5bb3b2c"
        },
        {
          "type": "cssRules",
          "assetId": "-d5pvlfrPq",
          "checksum": "07585c546c7717e4c6e87768a5bb3b2c"
        },
        {
          "type": "renderModule",
          "assetId": "SA6xBXtnnv",
          "checksum": "ec04c80183f8b3d35f86938dfa6167e5"
        },
        {
          "type": "cssRules",
          "assetId": "SA6xBXtnnv",
          "checksum": "ec04c80183f8b3d35f86938dfa6167e5"
        },
        {
          "type": "renderModule",
          "assetId": "7MPNRYRFi2",
          "checksum": "16a6b5472e2ee8f109337a56f0e7931e"
        },
        {
          "type": "cssRules",
          "assetId": "7MPNRYRFi2",
          "checksum": "16a6b5472e2ee8f109337a56f0e7931e"
        },
        {
          "type": "renderModule",
          "assetId": "MqKkaxOA5f",
          "checksum": "5532284e0adc084034e495fcab4e0f64"
        },
        {
          "type": "cssRules",
          "assetId": "MqKkaxOA5f",
          "checksum": "5532284e0adc084034e495fcab4e0f64"
        },
        {
          "type": "renderModule",
          "assetId": "NIUzFdABcW",
          "checksum": "61a8609bd4347ac07691ef0c593c949c"
        },
        {
          "type": "cssRules",
          "assetId": "NIUzFdABcW",
          "checksum": "61a8609bd4347ac07691ef0c593c949c"
        },
        {
          "type": "renderModule",
          "assetId": "k-ButyLKM_",
          "checksum": "5fd840be43422e34e4868d5f18be65d4"
        },
        {
          "type": "cssRules",
          "assetId": "k-ButyLKM_",
          "checksum": "5fd840be43422e34e4868d5f18be65d4"
        },
        {
          "type": "renderModule",
          "assetId": "rkckx3Pf-l",
          "checksum": "73803a07040aa2e4c7aa825c38e45cfb"
        },
        {
          "type": "cssRules",
          "assetId": "rkckx3Pf-l",
          "checksum": "73803a07040aa2e4c7aa825c38e45cfb"
        },
        {
          "type": "renderModule",
          "assetId": "VzDk-VkliN",
          "checksum": "3e503e4a8c85492d6778962d52627718"
        },
        {
          "type": "cssRules",
          "assetId": "VzDk-VkliN",
          "checksum": "3e503e4a8c85492d6778962d52627718"
        },
        {
          "type": "renderModule",
          "assetId": "CyX4z3pBXS",
          "checksum": "9a084723a9af55bd7bb55141e9de2043"
        },
        {
          "type": "cssRules",
          "assetId": "CyX4z3pBXS",
          "checksum": "9a084723a9af55bd7bb55141e9de2043"
        }
      ],
      "codegenVersion": "0.0.1"
    }
  ],
  "cliVersion": "0.1.215"
}
