{
  "projects": [
    {
      "projectId": "5dGW8Awro3qq8Hh5MveXLP",
      "version": "1.9.0",
      "dependencies": {},
      "lang": "ts",
      "fileLocks": [
        {
          "assetId": "5dGW8Awro3qq8Hh5MveXLP",
          "type": "projectCss",
          "checksum": "07c36a38799842526776097683a8c192"
        }
      ],
      "codegenVersion": "0.0.1"
    },
    {
      "projectId": "caTPwKxj5ZrD9LQ7DMdK4Z",
      "version": "3.13.0",
      "dependencies": {},
      "lang": "ts",
      "fileLocks": [
        {
          "assetId": "caTPwKxj5ZrD9LQ7DMdK4Z",
          "type": "projectCss",
          "checksum": "3f861d9934733b06ddcc0158487615ce"
        }
      ],
      "codegenVersion": "0.0.1"
    },
    {
      "projectId": "8PtdGodUbexNYgkuyBUcWu",
      "version": "3.9.0",
      "dependencies": {},
      "lang": "ts",
      "fileLocks": [
        {
          "assetId": "8PtdGodUbexNYgkuyBUcWu",
          "type": "projectCss",
          "checksum": "fab59f1d7821423eb6ea1dc62a110aa6"
        },
        {
          "assetId": "8PtdGodUbexNYgkuyBUcWu",
          "checksum": "6b66d7f8e20084eb8385762e16535ba1",
          "type": "globalContexts"
        }
      ],
      "codegenVersion": "0.0.1"
    },
    {
      "projectId": "f6qpwMfQ9K36cBNMUgXnEq",
      "version": "latest",
      "dependencies": {
        "8PtdGodUbexNYgkuyBUcWu": "3.9.0",
        "caTPwKxj5ZrD9LQ7DMdK4Z": "3.13.0",
        "5dGW8Awro3qq8Hh5MveXLP": "1.9.0"
      },
      "lang": "ts",
      "fileLocks": [
        {
          "type": "globalVariant",
          "assetId": "22FxKeis49Lo1",
          "checksum": "c8d449032ef1889eb48d14b9a0a7e3d1"
        },
        {
          "assetId": "f6qpwMfQ9K36cBNMUgXnEq",
          "type": "projectCss",
          "checksum": "a68e64ef6ab5c45ad6cadf7741d995dd"
        },
        {
          "assetId": "f6qpwMfQ9K36cBNMUgXnEq",
          "checksum": "6864c53faf318c16f2238f9651d983a3",
          "type": "globalContexts"
        },
        {
          "type": "renderModule",
          "assetId": "HFux9EgRGbwa",
          "checksum": "7ad258d0e3b14099ad36bececbc22e62"
        },
        {
          "type": "cssRules",
          "assetId": "HFux9EgRGbwa",
          "checksum": "7ad258d0e3b14099ad36bececbc22e62"
        },
        {
          "type": "renderModule",
          "assetId": "xxzGR4cVlh",
          "checksum": "16c987e0894028698f76356721d270d5"
        },
        {
          "type": "cssRules",
          "assetId": "xxzGR4cVlh",
          "checksum": "16c987e0894028698f76356721d270d5"
        },
        {
          "type": "renderModule",
          "assetId": "cTVB2-yynO",
          "checksum": "743407f6d8a4eba1fc07bb4f3f882bba"
        },
        {
          "type": "cssRules",
          "assetId": "cTVB2-yynO",
          "checksum": "743407f6d8a4eba1fc07bb4f3f882bba"
        },
        {
          "type": "renderModule",
          "assetId": "3qY4GfQc1b",
          "checksum": "cd47bf73783a3bb244a6af7e6d871fa1"
        },
        {
          "type": "cssRules",
          "assetId": "3qY4GfQc1b",
          "checksum": "cd47bf73783a3bb244a6af7e6d871fa1"
        },
        {
          "type": "renderModule",
          "assetId": "46Gh6UehMw",
          "checksum": "7f27ff0df6e836e5d101c2a564030263"
        },
        {
          "type": "cssRules",
          "assetId": "46Gh6UehMw",
          "checksum": "7f27ff0df6e836e5d101c2a564030263"
        },
        {
          "type": "renderModule",
          "assetId": "coEOuXvO6k",
          "checksum": "d4005f7d3c022c512b8df2fdbae69855"
        },
        {
          "type": "cssRules",
          "assetId": "coEOuXvO6k",
          "checksum": "d4005f7d3c022c512b8df2fdbae69855"
        },
        {
          "type": "icon",
          "assetId": "cOM0Xj8OAL4",
          "checksum": "8f89d966d70f0230ba56f6966e385c5f"
        },
        {
          "type": "icon",
          "assetId": "yn2jSKPHp_D",
          "checksum": "59223f8266b042618e7c12947d7c9682"
        },
        {
          "type": "icon",
          "assetId": "Q0mxr_CJS",
          "checksum": "7fee3cbd21d9c6ec2a9481526f013b09"
        }
      ],
      "codegenVersion": "0.0.1"
    }
  ],
  "cliVersion": "0.1.215"
}
